
Microsoft Visual Studio Solution File, Format Version 12.00
# Visual Studio Version 17
VisualStudioVersion = 17.9.34902.65
MinimumVisualStudioVersion = 10.0.40219.1
Project("{FAE04EC0-301F-11D3-BF4B-00C04F79EFBC}") = "AuthenticationServices", "AuthenticationServices\AuthenticationServices.csproj", "{C2AD5E21-6B63-4181-802A-E58D9D4B5CC6}"
EndProject
Project("{FAE04EC0-301F-11D3-BF4B-00C04F79EFBC}") = "Shared", "Shared\Shared.csproj", "{58EDA0EC-71F1-4ECD-AC43-EAECD44DA53A}"
EndProject
Project("{FAE04EC0-301F-11D3-BF4B-00C04F79EFBC}") = "MenuItemServices", "MenuItemServices\MenuItemServices.csproj", "{CABA6502-E0C6-4550-A62F-B9B7353AAA9B}"
EndProject
Project("{FAE04EC0-301F-11D3-BF4B-00C04F79EFBC}") = "OrderServices", "OrderServices\OrderServices.csproj", "{67F48D2C-63D3-481C-B7F3-302F991BF328}"
EndProject
Project("{FAE04EC0-301F-11D3-BF4B-00C04F79EFBC}") = "PaymentServices", "PaymentServices\PaymentServices.csproj", "{9C67B47F-179D-4918-8F28-F8B8F28002EC}"
EndProject
Global
	GlobalSection(SolutionConfigurationPlatforms) = preSolution
		Debug|Any CPU = Debug|Any CPU
		Release|Any CPU = Release|Any CPU
	EndGlobalSection
	GlobalSection(ProjectConfigurationPlatforms) = postSolution
		{C2AD5E21-6B63-4181-802A-E58D9D4B5CC6}.Debug|Any CPU.ActiveCfg = Debug|Any CPU
		{C2AD5E21-6B63-4181-802A-E58D9D4B5CC6}.Debug|Any CPU.Build.0 = Debug|Any CPU
		{C2AD5E21-6B63-4181-802A-E58D9D4B5CC6}.Release|Any CPU.ActiveCfg = Release|Any CPU
		{C2AD5E21-6B63-4181-802A-E58D9D4B5CC6}.Release|Any CPU.Build.0 = Release|Any CPU
		{58EDA0EC-71F1-4ECD-AC43-EAECD44DA53A}.Debug|Any CPU.ActiveCfg = Debug|Any CPU
		{58EDA0EC-71F1-4ECD-AC43-EAECD44DA53A}.Debug|Any CPU.Build.0 = Debug|Any CPU
		{58EDA0EC-71F1-4ECD-AC43-EAECD44DA53A}.Release|Any CPU.ActiveCfg = Release|Any CPU
		{58EDA0EC-71F1-4ECD-AC43-EAECD44DA53A}.Release|Any CPU.Build.0 = Release|Any CPU
		{CABA6502-E0C6-4550-A62F-B9B7353AAA9B}.Debug|Any CPU.ActiveCfg = Debug|Any CPU
		{CABA6502-E0C6-4550-A62F-B9B7353AAA9B}.Debug|Any CPU.Build.0 = Debug|Any CPU
		{CABA6502-E0C6-4550-A62F-B9B7353AAA9B}.Release|Any CPU.ActiveCfg = Release|Any CPU
		{CABA6502-E0C6-4550-A62F-B9B7353AAA9B}.Release|Any CPU.Build.0 = Release|Any CPU
		{67F48D2C-63D3-481C-B7F3-302F991BF328}.Debug|Any CPU.ActiveCfg = Debug|Any CPU
		{67F48D2C-63D3-481C-B7F3-302F991BF328}.Debug|Any CPU.Build.0 = Debug|Any CPU
		{67F48D2C-63D3-481C-B7F3-302F991BF328}.Release|Any CPU.ActiveCfg = Release|Any CPU
		{67F48D2C-63D3-481C-B7F3-302F991BF328}.Release|Any CPU.Build.0 = Release|Any CPU
		{9C67B47F-179D-4918-8F28-F8B8F28002EC}.Debug|Any CPU.ActiveCfg = Debug|Any CPU
		{9C67B47F-179D-4918-8F28-F8B8F28002EC}.Debug|Any CPU.Build.0 = Debug|Any CPU
		{9C67B47F-179D-4918-8F28-F8B8F28002EC}.Release|Any CPU.ActiveCfg = Release|Any CPU
		{9C67B47F-179D-4918-8F28-F8B8F28002EC}.Release|Any CPU.Build.0 = Release|Any CPU
	EndGlobalSection
	GlobalSection(SolutionProperties) = preSolution
		HideSolutionNode = FALSE
	EndGlobalSection
	GlobalSection(ExtensibilityGlobals) = postSolution
		SolutionGuid = {D176DDDC-2DDB-4C3E-A434-0E6DF234BE3B}
	EndGlobalSection
EndGlobal
